// !$*UTF8*$!
{
	archiveVersion = 1;
	classes = {
	};
	objectVersion = 46;
	objects = {

/* Begin PBXBuildFile section */
		EA0944801C69F64500C2F98E /* AppDelegate.swift in Sources */ = {isa = PBXBuildFile; fileRef = EA09447F1C69F64500C2F98E /* AppDelegate.swift */; };
		EA0944821C69F64500C2F98E /* ViewController.swift in Sources */ = {isa = PBXBuildFile; fileRef = EA0944811C69F64500C2F98E /* ViewController.swift */; };
		EA0944871C69F64500C2F98E /* Assets.xcassets in Resources */ = {isa = PBXBuildFile; fileRef = EA0944861C69F64500C2F98E /* Assets.xcassets */; };
		EA09448A1C69F64500C2F98E /* LaunchScreen.storyboard in Resources */ = {isa = PBXBuildFile; fileRef = EA0944881C69F64500C2F98E /* LaunchScreen.storyboard */; };
		EA0944A41C69F6B900C2F98E /* KZSwipeTableViewCell.framework in Frameworks */ = {isa = PBXBuildFile; fileRef = EA0944A31C69F6B900C2F98E /* KZSwipeTableViewCell.framework */; };
		EA0944A51C69F6B900C2F98E /* KZSwipeTableViewCell.framework in Embed Frameworks */ = {isa = PBXBuildFile; fileRef = EA0944A31C69F6B900C2F98E /* KZSwipeTableViewCell.framework */; settings = {ATTRIBUTES = (CodeSignOnCopy, RemoveHeadersOnCopy, ); }; };
/* End PBXBuildFile section */

/* Begin PBXCopyFilesBuildPhase section */
		EA0944A61C69F6B900C2F98E /* Embed Frameworks */ = {
			isa = PBXCopyFilesBuildPhase;
			buildActionMask = 2147483647;
			dstPath = "";
			dstSubfolderSpec = 10;
			files = (
				EA0944A51C69F6B900C2F98E /* KZSwipeTableViewCell.framework in Embed Frameworks */,
			);
			name = "Embed Frameworks";
			runOnlyForDeploymentPostprocessing = 0;
		};
/* End PBXCopyFilesBuildPhase section */

/* Begin PBXFileReference section */
		EA09447C1C69F64500C2F98E /* KZSwipeTableViewCellEample.app */ = {isa = PBXFileReference; explicitFileType = wrapper.application; includeInIndex = 0; path = KZSwipeTableViewCellEample.app; sourceTree = BUILT_PRODUCTS_DIR; };
		EA09447F1C69F64500C2F98E /* AppDelegate.swift */ = {isa = PBXFileReference; lastKnownFileType = sourcecode.swift; path = AppDelegate.swift; sourceTree = "<group>"; };
		EA0944811C69F64500C2F98E /* ViewController.swift */ = {isa = PBXFileReference; lastKnownFileType = sourcecode.swift; path = ViewController.swift; sourceTree = "<group>"; };
		EA0944861C69F64500C2F98E /* Assets.xcassets */ = {isa = PBXFileReference; lastKnownFileType = folder.assetcatalog; path = Assets.xcassets; sourceTree = "<group>"; };
		EA0944891C69F64500C2F98E /* Base */ = {isa = PBXFileReference; lastKnownFileType = file.storyboard; name = Base; path = Base.lproj/LaunchScreen.storyboard; sourceTree = "<group>"; };
		EA09448B1C69F64500C2F98E /* Info.plist */ = {isa = PBXFileReference; lastKnownFileType = text.plist.xml; path = Info.plist; sourceTree = "<group>"; };
		EA0944A31C69F6B900C2F98E /* KZSwipeTableViewCell.framework */ = {isa = PBXFileReference; explicitFileType = wrapper.framework; name = KZSwipeTableViewCell.framework; path = "/Users/Kezi/Library/Developer/Xcode/DerivedData/KZSwipeTableViewCell-fzsjbyvfqswslfbybnhhukugcssu/Build/Products/Debug-iphonesimulator/KZSwipeTableViewCell.framework"; sourceTree = "<absolute>"; };
/* End PBXFileReference section */

/* Begin PBXFrameworksBuildPhase section */
		EA0944791C69F64500C2F98E /* Frameworks */ = {
			isa = PBXFrameworksBuildPhase;
			buildActionMask = 2147483647;
			files = (
				EA0944A41C69F6B900C2F98E /* KZSwipeTableViewCell.framework in Frameworks */,
			);
			runOnlyForDeploymentPostprocessing = 0;
		};
/* End PBXFrameworksBuildPhase section */

/* Begin PBXGroup section */
		EA0944731C69F64500C2F98E = {
			isa = PBXGroup;
			children = (
				EA09447E1C69F64500C2F98E /* KZSwipeTableViewCellEample */,
				EA09447D1C69F64500C2F98E /* Products */,
			);
			sourceTree = "<group>";
		};
		EA09447D1C69F64500C2F98E /* Products */ = {
			isa = PBXGroup;
			children = (
				EA09447C1C69F64500C2F98E /* KZSwipeTableViewCellEample.app */,
			);
			name = Products;
			sourceTree = "<group>";
		};
		EA09447E1C69F64500C2F98E /* KZSwipeTableViewCellEample */ = {
			isa = PBXGroup;
			children = (
				EA09447F1C69F64500C2F98E /* AppDelegate.swift */,
				EA0944811C69F64500C2F98E /* ViewController.swift */,
				EA0944861C69F64500C2F98E /* Assets.xcassets */,
				EA0944881C69F64500C2F98E /* LaunchScreen.storyboard */,
				EA09448B1C69F64500C2F98E /* Info.plist */,
				EA0944A31C69F6B900C2F98E /* KZSwipeTableViewCell.framework */,
			);
			path = KZSwipeTableViewCellEample;
			sourceTree = "<group>";
		};
/* End PBXGroup section */

/* Begin PBXNativeTarget section */
		EA09447B1C69F64500C2F98E /* KZSwipeTableViewCellEample */ = {
			isa = PBXNativeTarget;
			buildConfigurationList = EA09448E1C69F64500C2F98E /* Build configuration list for PBXNativeTarget "KZSwipeTableViewCellEample" */;
			buildPhases = (
				EA0944781C69F64500C2F98E /* Sources */,
				EA0944791C69F64500C2F98E /* Frameworks */,
				EA09447A1C69F64500C2F98E /* Resources */,
				EA0944A61C69F6B900C2F98E /* Embed Frameworks */,
			);
			buildRules = (
			);
			dependencies = (
			);
			name = KZSwipeTableViewCellEample;
			productName = KZSwipeTableViewCellEample;
			productReference = EA09447C1C69F64500C2F98E /* KZSwipeTableViewCellEample.app */;
			productType = "com.apple.product-type.application";
		};
/* End PBXNativeTarget section */

/* Begin PBXProject section */
		EA0944741C69F64500C2F98E /* Project object */ = {
			isa = PBXProject;
			attributes = {
				LastSwiftUpdateCheck = 0730;
				LastUpgradeCheck = 0730;
				ORGANIZATIONNAME = "Storm Edge Apps LLC";
				TargetAttributes = {
					EA09447B1C69F64500C2F98E = {
						CreatedOnToolsVersion = 7.3;
					};
				};
			};
			buildConfigurationList = EA0944771C69F64500C2F98E /* Build configuration list for PBXProject "KZSwipeTableViewCellEample" */;
			compatibilityVersion = "Xcode 3.2";
			developmentRegion = English;
			hasScannedForEncodings = 0;
			knownRegions = (
				en,
				Base,
			);
			mainGroup = EA0944731C69F64500C2F98E;
			productRefGroup = EA09447D1C69F64500C2F98E /* Products */;
			projectDirPath = "";
			projectRoot = "";
			targets = (
				EA09447B1C69F64500C2F98E /* KZSwipeTableViewCellEample */,
			);
		};
/* End PBXProject section */

/* Begin PBXResourcesBuildPhase section */
		EA09447A1C69F64500C2F98E /* Resources */ = {
			isa = PBXResourcesBuildPhase;
			buildActionMask = 2147483647;
			files = (
				EA09448A1C69F64500C2F98E /* LaunchScreen.storyboard in Resources */,
				EA0944871C69F64500C2F98E /* Assets.xcassets in Resources */,
			);
			runOnlyForDeploymentPostprocessing = 0;
		};
/* End PBXResourcesBuildPhase section */

/* Begin PBXSourcesBuildPhase section */
		EA0944781C69F64500C2F98E /* Sources */ = {
			isa = PBXSourcesBuildPhase;
			buildActionMask = 2147483647;
			files = (
				EA0944821C69F64500C2F98E /* ViewController.swift in Sources */,
				EA0944801C69F64500C2F98E /* AppDelegate.swift in Sources */,
			);
			runOnlyForDeploymentPostprocessing = 0;
		};
/* End PBXSourcesBuildPhase section */

/* Begin PBXVariantGroup section */
		EA0944881C69F64500C2F98E /* LaunchScreen.storyboard */ = {
			isa = PBXVariantGroup;
			children = (
				EA0944891C69F64500C2F98E /* Base */,
			);
			name = LaunchScreen.storyboard;
			sourceTree = "<group>";
		};
/* End PBXVariantGroup section */

/* Begin XCBuildConfiguration section */
		EA09448C1C69F64500C2F98E /* Debug */ = {
			isa = XCBuildConfiguration;
			buildSettings = {
				ALWAYS_SEARCH_USER_PATHS = NO;
				CLANG_CXX_LANGUAGE_STANDARD = "gnu++0x";
				CLANG_CXX_LIBRARY = "libc++";
				CLANG_ENABLE_MODULES = YES;
				CLANG_ENABLE_OBJC_ARC = YES;
				CLANG_WARN_BOOL_CONVERSION = YES;
				CLANG_WARN_CONSTANT_CONVERSION = YES;
				CLANG_WARN_DIRECT_OBJC_ISA_USAGE = YES_ERROR;
				CLANG_WARN_EMPTY_BODY = YES;
				CLANG_WARN_ENUM_CONVERSION = YES;
				CLANG_WARN_INT_CONVERSION = YES;
				CLANG_WARN_OBJC_ROOT_CLASS = YES_ERROR;
				CLANG_WARN_UNREACHABLE_CODE = YES;
				CLANG_WARN__DUPLICATE_METHOD_MATCH = YES;
				"CODE_SIGN_IDENTITY[sdk=iphoneos*]" = "iPhone Developer";
				COPY_PHASE_STRIP = NO;
				DEBUG_INFORMATION_FORMAT = dwarf;
				ENABLE_STRICT_OBJC_MSGSEND = YES;
				ENABLE_TESTABILITY = YES;
				GCC_C_LANGUAGE_STANDARD = gnu99;
				GCC_DYNAMIC_NO_PIC = NO;
				GCC_NO_COMMON_BLOCKS = YES;
				GCC_OPTIMIZATION_LEVEL = 0;
				GCC_PREPROCESSOR_DEFINITIONS = (
					"DEBUG=1",
					"$(inherited)",
				);
				GCC_WARN_64_TO_32_BIT_CONVERSION = YES;
				GCC_WARN_ABOUT_RETURN_TYPE = YES_ERROR;
				GCC_WARN_UNDECLARED_SELECTOR = YES;
				GCC_WARN_UNINITIALIZED_AUTOS = YES_AGGRESSIVE;
				GCC_WARN_UNUSED_FUNCTION = YES;
				GCC_WARN_UNUSED_VARIABLE = YES;
				IPHONEOS_DEPLOYMENT_TARGET = 9.3;
				MTL_ENABLE_DEBUG_INFO = YES;
				ONLY_ACTIVE_ARCH = YES;
				SDKROOT = iphoneos;
				SWIFT_OPTIMIZATION_LEVEL = "-Onone";
				TARGETED_DEVICE_FAMILY = "1,2";
			};
			name = Debug;
		};
		EA09448D1C69F64500C2F98E /* Release */ = {
			isa = XCBuildConfiguration;
			buildSettings = {
				ALWAYS_SEARCH_USER_PATHS = NO;
				CLANG_CXX_LANGUAGE_STANDARD = "gnu++0x";
				CLANG_CXX_LIBRARY = "libc++";
				CLANG_ENABLE_MODULES = YES;
				CLANG_ENABLE_OBJC_ARC = YES;
				CLANG_WARN_BOOL_CONVERSION = YES;
				CLANG_WARN_CONSTANT_CONVERSION = YES;
				CLANG_WARN_DIRECT_OBJC_ISA_USAGE = YES_ERROR;
				CLANG_WARN_EMPTY_BODY = YES;
				CLANG_WARN_ENUM_CONVERSION = YES;
				CLANG_WARN_INT_CONVERSION = YES;
				CLANG_WARN_OBJC_ROOT_CLASS = YES_ERROR;
				CLANG_WARN_UNREACHABLE_CODE = YES;
				CLANG_WARN__DUPLICATE_METHOD_MATCH = YES;
				"CODE_SIGN_IDENTITY[sdk=iphoneos*]" = "iPhone Developer";
				COPY_PHASE_STRIP = NO;
				DEBUG_INFORMATION_FORMAT = "dwarf-with-dsym";
				ENABLE_NS_ASSERTIONS = NO;
				ENABLE_STRICT_OBJC_MSGSEND = YES;
				GCC_C_LANGUAGE_STANDARD = gnu99;
				GCC_NO_COMMON_BLOCKS = YES;
				GCC_WARN_64_TO_32_BIT_CONVERSION = YES;
				GCC_WARN_ABOUT_RETURN_TYPE = YES_ERROR;
				GCC_WARN_UNDECLARED_SELECTOR = YES;
				GCC_WARN_UNINITIALIZED_AUTOS = YES_AGGRESSIVE;
				GCC_WARN_UNUSED_FUNCTION = YES;
				GCC_WARN_UNUSED_VARIABLE = YES;
				IPHONEOS_DEPLOYMENT_TARGET = 9.3;
				MTL_ENABLE_DEBUG_INFO = NO;
				SDKROOT = iphoneos;
				TARGETED_DEVICE_FAMILY = "1,2";
				VALIDATE_PRODUCT = YES;
			};
			name = Release;
		};
		EA09448F1C69F64500C2F98E /* Debug */ = {
			isa = XCBuildConfiguration;
			buildSettings = {
				ASSETCATALOG_COMPILER_APPICON_NAME = AppIcon;
				INFOPLIST_FILE = KZSwipeTableViewCellEample/Info.plist;
				LD_RUNPATH_SEARCH_PATHS = "$(inherited) @executable_path/Frameworks";
				PRODUCT_BUNDLE_IDENTIFIER = com.stormedgeapps.KZSwipeTableViewCellEample;
				PRODUCT_NAME = "$(TARGET_NAME)";
			};
			name = Debug;
		};
		EA0944901C69F64500C2F98E /* Release */ = {
			isa = XCBuildConfiguration;
			buildSettings = {
				ASSETCATALOG_COMPILER_APPICON_NAME = AppIcon;
				INFOPLIST_FILE = KZSwipeTableViewCellEample/Info.plist;
				LD_RUNPATH_SEARCH_PATHS = "$(inherited) @executable_path/Frameworks";
				PRODUCT_BUNDLE_IDENTIFIER = com.stormedgeapps.KZSwipeTableViewCellEample;
				PRODUCT_NAME = "$(TARGET_NAME)";
			};
			name = Release;
		};
/* End XCBuildConfiguration section */

/* Begin XCConfigurationList section */
		EA0944771C69F64500C2F98E /* Build configuration list for PBXProject "KZSwipeTableViewCellEample" */ = {
			isa = XCConfigurationList;
			buildConfigurations = (
				EA09448C1C69F64500C2F98E /* Debug */,
				EA09448D1C69F64500C2F98E /* Release */,
			);
			defaultConfigurationIsVisible = 0;
			defaultConfigurationName = Release;
		};
		EA09448E1C69F64500C2F98E /* Build configuration list for PBXNativeTarget "KZSwipeTableViewCellEample" */ = {
			isa = XCConfigurationList;
			buildConfigurations = (
				EA09448F1C69F64500C2F98E /* Debug */,
				EA0944901C69F64500C2F98E /* Release */,
			);
			defaultConfigurationIsVisible = 0;
			defaultConfigurationName = Release;
		};
/* End XCConfigurationList section */
	};
	rootObject = EA0944741C69F64500C2F98E /* Project object */;
}
